
Microsoft Visual Studio Solution File, Format Version 12.00
# Visual Studio Version 16
VisualStudioVersion = 16.0.31410.357
MinimumVisualStudioVersion = 10.0.40219.1
Project("{2150E333-8FDC-42A3-9474-1A3956D46DE8}") = "src", "src", "{FBE3383C-0523-43A6-BDE1-C133923983AF}"
EndProject
Project("{2150E333-8FDC-42A3-9474-1A3956D46DE8}") = "tests", "tests", "{91FC56B5-5E01-42C7-A046-844915819A5A}"
EndProject
Project("{9A19103F-16F7-4668-BE54-9A1E7A4F7556}") = "Schd.EventBus", "src\Schd.EventBus\Schd.EventBus.csproj", "{F75480D3-BFA1-4872-BB06-D891F3C11249}"
EndProject
Project("{9A19103F-16F7-4668-BE54-9A1E7A4F7556}") = "Schd.Notification", "src\Schd.Notification\Schd.Notification.csproj", "{EA892642-DDF3-4D9D-8013-9DA6E7CDD47C}"
EndProject
Project("{9A19103F-16F7-4668-BE54-9A1E7A4F7556}") = "Schd.Common", "src\Schd.Common\Schd.Common.csproj", "{82FA712B-694A-4478-9E37-5C97F4D73F5E}"
EndProject
Project("{9A19103F-16F7-4668-BE54-9A1E7A4F7556}") = "Schd.Data", "src\Schd.Data\Schd.Data.csproj", "{3F6B290B-43FB-40A5-B07A-823C8889226E}"
EndProject
Project("{9A19103F-16F7-4668-BE54-9A1E7A4F7556}") = "Schd.Notification.Data", "src\Schd.Notification.Data\Schd.Notification.Data.csproj", "{79870C97-ADD1-4AFB-B880-08AC86CED27F}"
EndProject
Global
	GlobalSection(SolutionConfigurationPlatforms) = preSolution
		Debug|Any CPU = Debug|Any CPU
		Release|Any CPU = Release|Any CPU
	EndGlobalSection
	GlobalSection(ProjectConfigurationPlatforms) = postSolution
		{F75480D3-BFA1-4872-BB06-D891F3C11249}.Debug|Any CPU.ActiveCfg = Debug|Any CPU
		{F75480D3-BFA1-4872-BB06-D891F3C11249}.Debug|Any CPU.Build.0 = Debug|Any CPU
		{F75480D3-BFA1-4872-BB06-D891F3C11249}.Release|Any CPU.ActiveCfg = Release|Any CPU
		{F75480D3-BFA1-4872-BB06-D891F3C11249}.Release|Any CPU.Build.0 = Release|Any CPU
		{EA892642-DDF3-4D9D-8013-9DA6E7CDD47C}.Debug|Any CPU.ActiveCfg = Debug|Any CPU
		{EA892642-DDF3-4D9D-8013-9DA6E7CDD47C}.Debug|Any CPU.Build.0 = Debug|Any CPU
		{EA892642-DDF3-4D9D-8013-9DA6E7CDD47C}.Release|Any CPU.ActiveCfg = Release|Any CPU
		{EA892642-DDF3-4D9D-8013-9DA6E7CDD47C}.Release|Any CPU.Build.0 = Release|Any CPU
		{82FA712B-694A-4478-9E37-5C97F4D73F5E}.Debug|Any CPU.ActiveCfg = Debug|Any CPU
		{82FA712B-694A-4478-9E37-5C97F4D73F5E}.Debug|Any CPU.Build.0 = Debug|Any CPU
		{82FA712B-694A-4478-9E37-5C97F4D73F5E}.Release|Any CPU.ActiveCfg = Release|Any CPU
		{82FA712B-694A-4478-9E37-5C97F4D73F5E}.Release|Any CPU.Build.0 = Release|Any CPU
		{3F6B290B-43FB-40A5-B07A-823C8889226E}.Debug|Any CPU.ActiveCfg = Debug|Any CPU
		{3F6B290B-43FB-40A5-B07A-823C8889226E}.Debug|Any CPU.Build.0 = Debug|Any CPU
		{3F6B290B-43FB-40A5-B07A-823C8889226E}.Release|Any CPU.ActiveCfg = Release|Any CPU
		{3F6B290B-43FB-40A5-B07A-823C8889226E}.Release|Any CPU.Build.0 = Release|Any CPU
		{79870C97-ADD1-4AFB-B880-08AC86CED27F}.Debug|Any CPU.ActiveCfg = Debug|Any CPU
		{79870C97-ADD1-4AFB-B880-08AC86CED27F}.Debug|Any CPU.Build.0 = Debug|Any CPU
		{79870C97-ADD1-4AFB-B880-08AC86CED27F}.Release|Any CPU.ActiveCfg = Release|Any CPU
		{79870C97-ADD1-4AFB-B880-08AC86CED27F}.Release|Any CPU.Build.0 = Release|Any CPU
	EndGlobalSection
	GlobalSection(SolutionProperties) = preSolution
		HideSolutionNode = FALSE
	EndGlobalSection
	GlobalSection(NestedProjects) = preSolution
		{F75480D3-BFA1-4872-BB06-D891F3C11249} = {FBE3383C-0523-43A6-BDE1-C133923983AF}
		{EA892642-DDF3-4D9D-8013-9DA6E7CDD47C} = {FBE3383C-0523-43A6-BDE1-C133923983AF}
		{82FA712B-694A-4478-9E37-5C97F4D73F5E} = {FBE3383C-0523-43A6-BDE1-C133923983AF}
		{3F6B290B-43FB-40A5-B07A-823C8889226E} = {FBE3383C-0523-43A6-BDE1-C133923983AF}
		{79870C97-ADD1-4AFB-B880-08AC86CED27F} = {FBE3383C-0523-43A6-BDE1-C133923983AF}
	EndGlobalSection
	GlobalSection(ExtensibilityGlobals) = postSolution
		SolutionGuid = {D1969E47-4CB8-4E1D-B0FE-263172517C5B}
	EndGlobalSection
EndGlobal
